
Microsoft Visual Studio Solution File, Format Version 12.00
# Visual Studio Version 16
VisualStudioVersion = 16.0.30907.101
MinimumVisualStudioVersion = 10.0.40219.1
Project("{FAE04EC0-301F-11D3-BF4B-00C04F79EFBC}") = "Operators", "Operators\Operators.csproj", "{FD2CD1F8-AE9B-400D-8EE8-CFF3CCC3A237}"
EndProject
Global
	GlobalSection(SolutionConfigurationPlatforms) = preSolution
		Debug|Any CPU = Debug|Any CPU
		Release|Any CPU = Release|Any CPU
	EndGlobalSection
	GlobalSection(ProjectConfigurationPlatforms) = postSolution
		{FD2CD1F8-AE9B-400D-8EE8-CFF3CCC3A237}.Debug|Any CPU.ActiveCfg = Debug|Any CPU
		{FD2CD1F8-AE9B-400D-8EE8-CFF3CCC3A237}.Debug|Any CPU.Build.0 = Debug|Any CPU
		{FD2CD1F8-AE9B-400D-8EE8-CFF3CCC3A237}.Release|Any CPU.ActiveCfg = Release|Any CPU
		{FD2CD1F8-AE9B-400D-8EE8-CFF3CCC3A237}.Release|Any CPU.Build.0 = Release|Any CPU
	EndGlobalSection
	GlobalSection(SolutionProperties) = preSolution
		HideSolutionNode = FALSE
	EndGlobalSection
	GlobalSection(ExtensibilityGlobals) = postSolution
		SolutionGuid = {57EE1DBA-B20F-48D3-9CD1-35B6B0772C39}
	EndGlobalSection
EndGlobal
